
Microsoft Visual Studio Solution File, Format Version 12.00
# Visual Studio Version 17
VisualStudioVersion = 17.5.002.0
MinimumVisualStudioVersion = 10.0.40219.1
Project("{9A19103F-16F7-4668-BE54-9A1E7A4F7556}") = "Sandbox", "Sandbox.csproj", "{9CE95311-9FF9-44FE-8730-DD6A2515B300}"
EndProject
Global
	GlobalSection(SolutionConfigurationPlatforms) = preSolution
		Debug|Any CPU = Debug|Any CPU
		Release|Any CPU = Release|Any CPU
	EndGlobalSection
	GlobalSection(ProjectConfigurationPlatforms) = postSolution
		{9CE95311-9FF9-44FE-8730-DD6A2515B300}.Debug|Any CPU.ActiveCfg = Debug|Any CPU
		{9CE95311-9FF9-44FE-8730-DD6A2515B300}.Debug|Any CPU.Build.0 = Debug|Any CPU
		{9CE95311-9FF9-44FE-8730-DD6A2515B300}.Release|Any CPU.ActiveCfg = Release|Any CPU
		{9CE95311-9FF9-44FE-8730-DD6A2515B300}.Release|Any CPU.Build.0 = Release|Any CPU
	EndGlobalSection
	GlobalSection(SolutionProperties) = preSolution
		HideSolutionNode = FALSE
	EndGlobalSection
	GlobalSection(ExtensibilityGlobals) = postSolution
		SolutionGuid = {86BE638C-E450-4D22-9ED9-C190E50C3667}
	EndGlobalSection
EndGlobal
